
Microsoft Visual Studio Solution File, Format Version 12.00
# Visual Studio Version 16
VisualStudioVersion = 16.0.33423.256
MinimumVisualStudioVersion = 10.0.40219.1
Project("{8BC9CEB8-8B4A-11D0-8D11-00A0C91BC942}") = "OSLAB2_DLL", "OSLAB2_DLL.vcxproj", "{51C97EAF-2A93-44D1-9300-5A90826CBFDD}"
EndProject
Global
	GlobalSection(SolutionConfigurationPlatforms) = preSolution
		Debug|x64 = Debug|x64
		Debug|x86 = Debug|x86
		Release|x64 = Release|x64
		Release|x86 = Release|x86
	EndGlobalSection
	GlobalSection(ProjectConfigurationPlatforms) = postSolution
		{51C97EAF-2A93-44D1-9300-5A90826CBFDD}.Debug|x64.ActiveCfg = Debug|x64
		{51C97EAF-2A93-44D1-9300-5A90826CBFDD}.Debug|x64.Build.0 = Debug|x64
		{51C97EAF-2A93-44D1-9300-5A90826CBFDD}.Debug|x86.ActiveCfg = Debug|Win32
		{51C97EAF-2A93-44D1-9300-5A90826CBFDD}.Debug|x86.Build.0 = Debug|Win32
		{51C97EAF-2A93-44D1-9300-5A90826CBFDD}.Release|x64.ActiveCfg = Release|x64
		{51C97EAF-2A93-44D1-9300-5A90826CBFDD}.Release|x64.Build.0 = Release|x64
		{51C97EAF-2A93-44D1-9300-5A90826CBFDD}.Release|x86.ActiveCfg = Release|Win32
		{51C97EAF-2A93-44D1-9300-5A90826CBFDD}.Release|x86.Build.0 = Release|Win32
	EndGlobalSection
	GlobalSection(SolutionProperties) = preSolution
		HideSolutionNode = FALSE
	EndGlobalSection
	GlobalSection(ExtensibilityGlobals) = postSolution
		SolutionGuid = {BBA58042-678F-4C19-93CD-852679F4C0FB}
	EndGlobalSection
EndGlobal
