
Microsoft Visual Studio Solution File, Format Version 12.00
# Visual Studio Version 16
VisualStudioVersion = 16.0.33423.256
MinimumVisualStudioVersion = 10.0.40219.1
Project("{8BC9CEB8-8B4A-11D0-8D11-00A0C91BC942}") = "OSLAB2_DLL_client", "OSLAB2_DLL_client.vcxproj", "{03D1B08F-FE1E-4408-9461-5A3AF1516C33}"
	ProjectSection(ProjectDependencies) = postProject
		{51C97EAF-2A93-44D1-9300-5A90826CBFDD} = {51C97EAF-2A93-44D1-9300-5A90826CBFDD}
	EndProjectSection
EndProject
Project("{8BC9CEB8-8B4A-11D0-8D11-00A0C91BC942}") = "OSLAB2_DLL", "..\OSLAB2_DLL\OSLAB2_DLL.vcxproj", "{51C97EAF-2A93-44D1-9300-5A90826CBFDD}"
EndProject
Project("{54435603-DBB4-11D2-8724-00A0C9A8B90C}") = "OSLAB2_DLL_CLIENT_SETUP", "..\OSLAB2_DLL_CLIENT_SETUP\OSLAB2_DLL_CLIENT_SETUP.vdproj", "{581D3A28-CBB4-4BE4-B2B4-4E3CBF090C36}"
EndProject
Project("{54435603-DBB4-11D2-8724-00A0C9A8B90C}") = "OSLAB2_DLL_SETUP", "..\OSLAB2_DLL_SETUP\OSLAB2_DLL_SETUP.vdproj", "{E9C5B2C7-9D6D-4E1F-A41E-887E99A45CC6}"
EndProject
Global
	GlobalSection(SolutionConfigurationPlatforms) = preSolution
		Debug|x64 = Debug|x64
		Debug|x86 = Debug|x86
		Release|x64 = Release|x64
		Release|x86 = Release|x86
	EndGlobalSection
	GlobalSection(ProjectConfigurationPlatforms) = postSolution
		{03D1B08F-FE1E-4408-9461-5A3AF1516C33}.Debug|x64.ActiveCfg = Debug|x64
		{03D1B08F-FE1E-4408-9461-5A3AF1516C33}.Debug|x64.Build.0 = Debug|x64
		{03D1B08F-FE1E-4408-9461-5A3AF1516C33}.Debug|x86.ActiveCfg = Debug|Win32
		{03D1B08F-FE1E-4408-9461-5A3AF1516C33}.Debug|x86.Build.0 = Debug|Win32
		{03D1B08F-FE1E-4408-9461-5A3AF1516C33}.Release|x64.ActiveCfg = Release|x64
		{03D1B08F-FE1E-4408-9461-5A3AF1516C33}.Release|x64.Build.0 = Release|x64
		{03D1B08F-FE1E-4408-9461-5A3AF1516C33}.Release|x86.ActiveCfg = Release|Win32
		{03D1B08F-FE1E-4408-9461-5A3AF1516C33}.Release|x86.Build.0 = Release|Win32
		{51C97EAF-2A93-44D1-9300-5A90826CBFDD}.Debug|x64.ActiveCfg = Debug|x64
		{51C97EAF-2A93-44D1-9300-5A90826CBFDD}.Debug|x64.Build.0 = Debug|x64
		{51C97EAF-2A93-44D1-9300-5A90826CBFDD}.Debug|x86.ActiveCfg = Debug|Win32
		{51C97EAF-2A93-44D1-9300-5A90826CBFDD}.Debug|x86.Build.0 = Debug|Win32
		{51C97EAF-2A93-44D1-9300-5A90826CBFDD}.Release|x64.ActiveCfg = Release|x64
		{51C97EAF-2A93-44D1-9300-5A90826CBFDD}.Release|x64.Build.0 = Release|x64
		{51C97EAF-2A93-44D1-9300-5A90826CBFDD}.Release|x86.ActiveCfg = Release|Win32
		{51C97EAF-2A93-44D1-9300-5A90826CBFDD}.Release|x86.Build.0 = Release|Win32
		{581D3A28-CBB4-4BE4-B2B4-4E3CBF090C36}.Debug|x64.ActiveCfg = Debug
		{581D3A28-CBB4-4BE4-B2B4-4E3CBF090C36}.Debug|x86.ActiveCfg = Debug
		{581D3A28-CBB4-4BE4-B2B4-4E3CBF090C36}.Release|x64.ActiveCfg = Release
		{581D3A28-CBB4-4BE4-B2B4-4E3CBF090C36}.Release|x86.ActiveCfg = Release
		{E9C5B2C7-9D6D-4E1F-A41E-887E99A45CC6}.Debug|x64.ActiveCfg = Debug
		{E9C5B2C7-9D6D-4E1F-A41E-887E99A45CC6}.Debug|x86.ActiveCfg = Debug
		{E9C5B2C7-9D6D-4E1F-A41E-887E99A45CC6}.Release|x64.ActiveCfg = Release
		{E9C5B2C7-9D6D-4E1F-A41E-887E99A45CC6}.Release|x86.ActiveCfg = Release
	EndGlobalSection
	GlobalSection(SolutionProperties) = preSolution
		HideSolutionNode = FALSE
	EndGlobalSection
	GlobalSection(ExtensibilityGlobals) = postSolution
		SolutionGuid = {A258E7DE-0EE1-454B-90C8-AED4FAD3D071}
	EndGlobalSection
EndGlobal
